
Microsoft Visual Studio Solution File, Format Version 12.00
# Visual Studio Version 17
VisualStudioVersion = 17.8.34219.65
MinimumVisualStudioVersion = 10.0.40219.1
Project("{FAE04EC0-301F-11D3-BF4B-00C04F79EFBC}") = "API-Restfull", "API-Restfull\API-Restfull.csproj", "{F19B2907-A0DC-451A-8928-4D98C1C291E0}"
EndProject
Global
	GlobalSection(SolutionConfigurationPlatforms) = preSolution
		Debug|Any CPU = Debug|Any CPU
		Release|Any CPU = Release|Any CPU
	EndGlobalSection
	GlobalSection(ProjectConfigurationPlatforms) = postSolution
		{F19B2907-A0DC-451A-8928-4D98C1C291E0}.Debug|Any CPU.ActiveCfg = Debug|Any CPU
		{F19B2907-A0DC-451A-8928-4D98C1C291E0}.Debug|Any CPU.Build.0 = Debug|Any CPU
		{F19B2907-A0DC-451A-8928-4D98C1C291E0}.Release|Any CPU.ActiveCfg = Release|Any CPU
		{F19B2907-A0DC-451A-8928-4D98C1C291E0}.Release|Any CPU.Build.0 = Release|Any CPU
	EndGlobalSection
	GlobalSection(SolutionProperties) = preSolution
		HideSolutionNode = FALSE
	EndGlobalSection
	GlobalSection(ExtensibilityGlobals) = postSolution
		SolutionGuid = {4F652778-CFDD-49E6-AAFD-72FADA458DC8}
	EndGlobalSection
EndGlobal
